// !$*UTF8*$!
{
	archiveVersion = 1;
	classes = {
	};
	objectVersion = 56;
	objects = {

/* Begin PBXBuildFile section */
		F10C32A32B16EA9000CCF83B /* AlertView.swift in Sources */ = {isa = PBXBuildFile; fileRef = F10C32A22B16EA9000CCF83B /* AlertView.swift */; };
		F10C32A52B17601200CCF83B /* NetworkMonitor.swift in Sources */ = {isa = PBXBuildFile; fileRef = F10C32A42B17601200CCF83B /* NetworkMonitor.swift */; };
		F1102AFA2A6DDCA6007534C1 /* TimeTicks.swift in Sources */ = {isa = PBXBuildFile; fileRef = F1102AF92A6DDCA6007534C1 /* TimeTicks.swift */; };
		F119C6672A7B59A200B183F5 /* EventView.swift in Sources */ = {isa = PBXBuildFile; fileRef = F119C6662A7B59A200B183F5 /* EventView.swift */; };
		F122A2BC2AD2FB0F002E82AE /* LocationManager.swift in Sources */ = {isa = PBXBuildFile; fileRef = F122A2BB2AD2FB0F002E82AE /* LocationManager.swift */; };
		F122A2C02AD82A7C002E82AE /* SolarEventManager.swift in Sources */ = {isa = PBXBuildFile; fileRef = F122A2BF2AD82A7C002E82AE /* SolarEventManager.swift */; };
		F122A2C32ADA4AD1002E82AE /* BackgroundView.swift in Sources */ = {isa = PBXBuildFile; fileRef = F122A2C22ADA4AD1002E82AE /* BackgroundView.swift */; };
		F122A2C72ADA4B10002E82AE /* NowView.swift in Sources */ = {isa = PBXBuildFile; fileRef = F122A2C62ADA4B10002E82AE /* NowView.swift */; };
		F122A2C92ADA4B20002E82AE /* TimeTickViews.swift in Sources */ = {isa = PBXBuildFile; fileRef = F122A2C82ADA4B20002E82AE /* TimeTickViews.swift */; };
		F122A3082ADF17C1002E82AE /* EventManager.swift in Sources */ = {isa = PBXBuildFile; fileRef = F122A3072ADF17C1002E82AE /* EventManager.swift */; };
		F122A30E2AE02A54002E82AE /* Timeline.swift in Sources */ = {isa = PBXBuildFile; fileRef = F122A30D2AE02A54002E82AE /* Timeline.swift */; };
		F166ACB92B256B7900AE27E3 /* SettingsViewTest.swift in Sources */ = {isa = PBXBuildFile; fileRef = F166ACB82B256B7900AE27E3 /* SettingsViewTest.swift */; };
		F18D04F52B0009D300E5C91E /* README.md in Resources */ = {isa = PBXBuildFile; fileRef = F18D04F42B0009D300E5C91E /* README.md */; };
		F18D04F72B06B35100E5C91E /* ArrowView.swift in Sources */ = {isa = PBXBuildFile; fileRef = F18D04F62B06B35100E5C91E /* ArrowView.swift */; };
		F18D04F92B06BA7400E5C91E /* CurrentDateAndTimeView.swift in Sources */ = {isa = PBXBuildFile; fileRef = F18D04F82B06BA7400E5C91E /* CurrentDateAndTimeView.swift */; };
		F18D04FB2B08237F00E5C91E /* HorizontalLayoutNoOverlap.swift in Sources */ = {isa = PBXBuildFile; fileRef = F18D04FA2B08237F00E5C91E /* HorizontalLayoutNoOverlap.swift */; };
		F18D04FD2B0824F500E5C91E /* LayoutValueKeys.swift in Sources */ = {isa = PBXBuildFile; fileRef = F18D04FC2B0824F500E5C91E /* LayoutValueKeys.swift */; };
		F18D05012B0A99B600E5C91E /* StateBools.swift in Sources */ = {isa = PBXBuildFile; fileRef = F18D05002B0A99B600E5C91E /* StateBools.swift */; };
		F18D05032B0AA6B500E5C91E /* SettingsView.swift in Sources */ = {isa = PBXBuildFile; fileRef = F18D05022B0AA6B500E5C91E /* SettingsView.swift */; };
		F18D051F2B0BC01C00E5C91E /* CalendarSet.swift in Sources */ = {isa = PBXBuildFile; fileRef = F18D051E2B0BC01C00E5C91E /* CalendarSet.swift */; };
		F19149272AD2649000A31D5A /* SolarDay.swift in Sources */ = {isa = PBXBuildFile; fileRef = F19149262AD2649000A31D5A /* SolarDay.swift */; };
		F1B5FE182A735D2200CBBCE6 /* Extensions.swift in Sources */ = {isa = PBXBuildFile; fileRef = F1B5FE172A735D2200CBBCE6 /* Extensions.swift */; };
		F1D15B422A5FA758006F6A4E /* TARDIS_CalendarApp.swift in Sources */ = {isa = PBXBuildFile; fileRef = F1D15B412A5FA758006F6A4E /* TARDIS_CalendarApp.swift */; };
		F1D15B442A5FA758006F6A4E /* ContentView.swift in Sources */ = {isa = PBXBuildFile; fileRef = F1D15B432A5FA758006F6A4E /* ContentView.swift */; };
		F1D15B462A5FA75B006F6A4E /* Assets.xcassets in Resources */ = {isa = PBXBuildFile; fileRef = F1D15B452A5FA75B006F6A4E /* Assets.xcassets */; };
		F1D15B492A5FA75B006F6A4E /* Preview Assets.xcassets in Resources */ = {isa = PBXBuildFile; fileRef = F1D15B482A5FA75B006F6A4E /* Preview Assets.xcassets */; };
		F1D9AD3A2B13966E0076832F /* DataController.swift in Sources */ = {isa = PBXBuildFile; fileRef = F1D9AD392B13966E0076832F /* DataController.swift */; };
		F1F9E49B2B11220C00DA4026 /* Enums.swift in Sources */ = {isa = PBXBuildFile; fileRef = F1F9E49A2B11220C00DA4026 /* Enums.swift */; };
		F1F9E49E2B12AF2A00DA4026 /* StoredSolarDays.xcdatamodeld in Sources */ = {isa = PBXBuildFile; fileRef = F1F9E49C2B12AF2A00DA4026 /* StoredSolarDays.xcdatamodeld */; };
/* End PBXBuildFile section */

/* Begin PBXFileReference section */
		F10C32A22B16EA9000CCF83B /* AlertView.swift */ = {isa = PBXFileReference; lastKnownFileType = sourcecode.swift; path = AlertView.swift; sourceTree = "<group>"; };
		F10C32A42B17601200CCF83B /* NetworkMonitor.swift */ = {isa = PBXFileReference; lastKnownFileType = sourcecode.swift; path = NetworkMonitor.swift; sourceTree = "<group>"; };
		F1102AF92A6DDCA6007534C1 /* TimeTicks.swift */ = {isa = PBXFileReference; lastKnownFileType = sourcecode.swift; path = TimeTicks.swift; sourceTree = "<group>"; };
		F119C6662A7B59A200B183F5 /* EventView.swift */ = {isa = PBXFileReference; lastKnownFileType = sourcecode.swift; path = EventView.swift; sourceTree = "<group>"; };
		F119C6842A7CA56A00B183F5 /* TARDIS-Calendar-Info.plist */ = {isa = PBXFileReference; lastKnownFileType = text.plist; path = "TARDIS-Calendar-Info.plist"; sourceTree = SOURCE_ROOT; };
		F122A2BB2AD2FB0F002E82AE /* LocationManager.swift */ = {isa = PBXFileReference; lastKnownFileType = sourcecode.swift; path = LocationManager.swift; sourceTree = "<group>"; };
		F122A2BF2AD82A7C002E82AE /* SolarEventManager.swift */ = {isa = PBXFileReference; lastKnownFileType = sourcecode.swift; path = SolarEventManager.swift; sourceTree = "<group>"; };
		F122A2C22ADA4AD1002E82AE /* BackgroundView.swift */ = {isa = PBXFileReference; lastKnownFileType = sourcecode.swift; path = BackgroundView.swift; sourceTree = "<group>"; };
		F122A2C62ADA4B10002E82AE /* NowView.swift */ = {isa = PBXFileReference; lastKnownFileType = sourcecode.swift; path = NowView.swift; sourceTree = "<group>"; };
		F122A2C82ADA4B20002E82AE /* TimeTickViews.swift */ = {isa = PBXFileReference; lastKnownFileType = sourcecode.swift; path = TimeTickViews.swift; sourceTree = "<group>"; };
		F122A3072ADF17C1002E82AE /* EventManager.swift */ = {isa = PBXFileReference; lastKnownFileType = sourcecode.swift; path = EventManager.swift; sourceTree = "<group>"; };
		F122A30D2AE02A54002E82AE /* Timeline.swift */ = {isa = PBXFileReference; lastKnownFileType = sourcecode.swift; path = Timeline.swift; sourceTree = "<group>"; };
		F166ACB82B256B7900AE27E3 /* SettingsViewTest.swift */ = {isa = PBXFileReference; lastKnownFileType = sourcecode.swift; path = SettingsViewTest.swift; sourceTree = "<group>"; };
		F18D04F42B0009D300E5C91E /* README.md */ = {isa = PBXFileReference; fileEncoding = 4; lastKnownFileType = net.daringfireball.markdown; name = README.md; path = "TARDIS Calendar/README.md"; sourceTree = SOURCE_ROOT; };
		F18D04F62B06B35100E5C91E /* ArrowView.swift */ = {isa = PBXFileReference; lastKnownFileType = sourcecode.swift; path = ArrowView.swift; sourceTree = "<group>"; };
		F18D04F82B06BA7400E5C91E /* CurrentDateAndTimeView.swift */ = {isa = PBXFileReference; lastKnownFileType = sourcecode.swift; path = CurrentDateAndTimeView.swift; sourceTree = "<group>"; };
		F18D04FA2B08237F00E5C91E /* HorizontalLayoutNoOverlap.swift */ = {isa = PBXFileReference; lastKnownFileType = sourcecode.swift; path = HorizontalLayoutNoOverlap.swift; sourceTree = "<group>"; };
		F18D04FC2B0824F500E5C91E /* LayoutValueKeys.swift */ = {isa = PBXFileReference; lastKnownFileType = sourcecode.swift; path = LayoutValueKeys.swift; sourceTree = "<group>"; };
		F18D05002B0A99B600E5C91E /* StateBools.swift */ = {isa = PBXFileReference; lastKnownFileType = sourcecode.swift; path = StateBools.swift; sourceTree = "<group>"; };
		F18D05022B0AA6B500E5C91E /* SettingsView.swift */ = {isa = PBXFileReference; lastKnownFileType = sourcecode.swift; path = SettingsView.swift; sourceTree = "<group>"; };
		F18D051E2B0BC01C00E5C91E /* CalendarSet.swift */ = {isa = PBXFileReference; lastKnownFileType = sourcecode.swift; path = CalendarSet.swift; sourceTree = "<group>"; };
		F19149262AD2649000A31D5A /* SolarDay.swift */ = {isa = PBXFileReference; lastKnownFileType = sourcecode.swift; path = SolarDay.swift; sourceTree = "<group>"; };
		F1B5FE172A735D2200CBBCE6 /* Extensions.swift */ = {isa = PBXFileReference; lastKnownFileType = sourcecode.swift; path = Extensions.swift; sourceTree = "<group>"; };
		F1D15B3E2A5FA758006F6A4E /* TARDIS Calendar.app */ = {isa = PBXFileReference; explicitFileType = wrapper.application; includeInIndex = 0; path = "TARDIS Calendar.app"; sourceTree = BUILT_PRODUCTS_DIR; };
		F1D15B412A5FA758006F6A4E /* TARDIS_CalendarApp.swift */ = {isa = PBXFileReference; lastKnownFileType = sourcecode.swift; path = TARDIS_CalendarApp.swift; sourceTree = "<group>"; };
		F1D15B432A5FA758006F6A4E /* ContentView.swift */ = {isa = PBXFileReference; lastKnownFileType = sourcecode.swift; path = ContentView.swift; sourceTree = "<group>"; };
		F1D15B452A5FA75B006F6A4E /* Assets.xcassets */ = {isa = PBXFileReference; lastKnownFileType = folder.assetcatalog; path = Assets.xcassets; sourceTree = "<group>"; };
		F1D15B482A5FA75B006F6A4E /* Preview Assets.xcassets */ = {isa = PBXFileReference; lastKnownFileType = folder.assetcatalog; path = "Preview Assets.xcassets"; sourceTree = "<group>"; };
		F1D9AD392B13966E0076832F /* DataController.swift */ = {isa = PBXFileReference; lastKnownFileType = sourcecode.swift; path = DataController.swift; sourceTree = "<group>"; };
		F1F9E49A2B11220C00DA4026 /* Enums.swift */ = {isa = PBXFileReference; lastKnownFileType = sourcecode.swift; path = Enums.swift; sourceTree = "<group>"; };
		F1F9E49D2B12AF2A00DA4026 /* SolarDay.xcdatamodel */ = {isa = PBXFileReference; lastKnownFileType = wrapper.xcdatamodel; path = SolarDay.xcdatamodel; sourceTree = "<group>"; };
/* End PBXFileReference section */

/* Begin PBXFrameworksBuildPhase section */
		F1D15B3B2A5FA758006F6A4E /* Frameworks */ = {
			isa = PBXFrameworksBuildPhase;
			buildActionMask = 2147483647;
			files = (
			);
			runOnlyForDeploymentPostprocessing = 0;
		};
/* End PBXFrameworksBuildPhase section */

/* Begin PBXGroup section */
		F122A2C12ADA3F2B002E82AE /* Views */ = {
			isa = PBXGroup;
			children = (
				F1D15B432A5FA758006F6A4E /* ContentView.swift */,
				F122A2C22ADA4AD1002E82AE /* BackgroundView.swift */,
				F119C6662A7B59A200B183F5 /* EventView.swift */,
				F18D04F62B06B35100E5C91E /* ArrowView.swift */,
				F122A2C62ADA4B10002E82AE /* NowView.swift */,
				F18D04F82B06BA7400E5C91E /* CurrentDateAndTimeView.swift */,
				F122A2C82ADA4B20002E82AE /* TimeTickViews.swift */,
				F18D04FA2B08237F00E5C91E /* HorizontalLayoutNoOverlap.swift */,
				F18D04FC2B0824F500E5C91E /* LayoutValueKeys.swift */,
				F18D05022B0AA6B500E5C91E /* SettingsView.swift */,
				F166ACB82B256B7900AE27E3 /* SettingsViewTest.swift */,
				F10C32A22B16EA9000CCF83B /* AlertView.swift */,
			);
			path = Views;
			sourceTree = "<group>";
		};
		F122A3062ADF1782002E82AE /* ViewModels */ = {
			isa = PBXGroup;
			children = (
				F122A3072ADF17C1002E82AE /* EventManager.swift */,
				F18D051E2B0BC01C00E5C91E /* CalendarSet.swift */,
				F122A30D2AE02A54002E82AE /* Timeline.swift */,
				F1102AF92A6DDCA6007534C1 /* TimeTicks.swift */,
				F122A2BF2AD82A7C002E82AE /* SolarEventManager.swift */,
				F122A2BB2AD2FB0F002E82AE /* LocationManager.swift */,
				F19149262AD2649000A31D5A /* SolarDay.swift */,
				F1F9E49C2B12AF2A00DA4026 /* StoredSolarDays.xcdatamodeld */,
				F1D9AD392B13966E0076832F /* DataController.swift */,
			);
			path = ViewModels;
			sourceTree = "<group>";
		};
		F1D15B352A5FA758006F6A4E = {
			isa = PBXGroup;
			children = (
				F1D15B402A5FA758006F6A4E /* TARDIS Calendar */,
				F1D15B3F2A5FA758006F6A4E /* Products */,
			);
			sourceTree = "<group>";
		};
		F1D15B3F2A5FA758006F6A4E /* Products */ = {
			isa = PBXGroup;
			children = (
				F1D15B3E2A5FA758006F6A4E /* TARDIS Calendar.app */,
			);
			name = Products;
			sourceTree = "<group>";
		};
		F1D15B402A5FA758006F6A4E /* TARDIS Calendar */ = {
			isa = PBXGroup;
			children = (
				F119C6842A7CA56A00B183F5 /* TARDIS-Calendar-Info.plist */,
				F1D15B412A5FA758006F6A4E /* TARDIS_CalendarApp.swift */,
				F122A2C12ADA3F2B002E82AE /* Views */,
				F122A3062ADF1782002E82AE /* ViewModels */,
				F1F9E4992B111DBF00DA4026 /* Utilities */,
				F1D15B452A5FA75B006F6A4E /* Assets.xcassets */,
				F18D04F42B0009D300E5C91E /* README.md */,
				F1D15B472A5FA75B006F6A4E /* Preview Content */,
			);
			path = "TARDIS Calendar";
			sourceTree = "<group>";
		};
		F1D15B472A5FA75B006F6A4E /* Preview Content */ = {
			isa = PBXGroup;
			children = (
				F1D15B482A5FA75B006F6A4E /* Preview Assets.xcassets */,
			);
			path = "Preview Content";
			sourceTree = "<group>";
		};
		F1F9E4992B111DBF00DA4026 /* Utilities */ = {
			isa = PBXGroup;
			children = (
				F1B5FE172A735D2200CBBCE6 /* Extensions.swift */,
				F1F9E49A2B11220C00DA4026 /* Enums.swift */,
				F18D05002B0A99B600E5C91E /* StateBools.swift */,
				F10C32A42B17601200CCF83B /* NetworkMonitor.swift */,
			);
			path = Utilities;
			sourceTree = "<group>";
		};
/* End PBXGroup section */

/* Begin PBXNativeTarget section */
		F1D15B3D2A5FA758006F6A4E /* TARDIS Calendar */ = {
			isa = PBXNativeTarget;
			buildConfigurationList = F1D15B4C2A5FA75B006F6A4E /* Build configuration list for PBXNativeTarget "TARDIS Calendar" */;
			buildPhases = (
				F1D15B3A2A5FA758006F6A4E /* Sources */,
				F1D15B3B2A5FA758006F6A4E /* Frameworks */,
				F1D15B3C2A5FA758006F6A4E /* Resources */,
			);
			buildRules = (
			);
			dependencies = (
			);
			name = "TARDIS Calendar";
			productName = "TARDIS Calendar";
			productReference = F1D15B3E2A5FA758006F6A4E /* TARDIS Calendar.app */;
			productType = "com.apple.product-type.application";
		};
/* End PBXNativeTarget section */

/* Begin PBXProject section */
		F1D15B362A5FA758006F6A4E /* Project object */ = {
			isa = PBXProject;
			attributes = {
				BuildIndependentTargetsInParallel = 1;
				LastSwiftUpdateCheck = 1400;
				LastUpgradeCheck = 1400;
				TargetAttributes = {
					F1D15B3D2A5FA758006F6A4E = {
						CreatedOnToolsVersion = 14.0.1;
					};
				};
			};
			buildConfigurationList = F1D15B392A5FA758006F6A4E /* Build configuration list for PBXProject "TARDIS Calendar" */;
			compatibilityVersion = "Xcode 14.0";
			developmentRegion = en;
			hasScannedForEncodings = 0;
			knownRegions = (
				en,
				Base,
			);
			mainGroup = F1D15B352A5FA758006F6A4E;
			productRefGroup = F1D15B3F2A5FA758006F6A4E /* Products */;
			projectDirPath = "";
			projectRoot = "";
			targets = (
				F1D15B3D2A5FA758006F6A4E /* TARDIS Calendar */,
			);
		};
/* End PBXProject section */

/* Begin PBXResourcesBuildPhase section */
		F1D15B3C2A5FA758006F6A4E /* Resources */ = {
			isa = PBXResourcesBuildPhase;
			buildActionMask = 2147483647;
			files = (
				F18D04F52B0009D300E5C91E /* README.md in Resources */,
				F1D15B492A5FA75B006F6A4E /* Preview Assets.xcassets in Resources */,
				F1D15B462A5FA75B006F6A4E /* Assets.xcassets in Resources */,
			);
			runOnlyForDeploymentPostprocessing = 0;
		};
/* End PBXResourcesBuildPhase section */

/* Begin PBXSourcesBuildPhase section */
		F1D15B3A2A5FA758006F6A4E /* Sources */ = {
			isa = PBXSourcesBuildPhase;
			buildActionMask = 2147483647;
			files = (
				F122A30E2AE02A54002E82AE /* Timeline.swift in Sources */,
				F122A3082ADF17C1002E82AE /* EventManager.swift in Sources */,
				F18D04F72B06B35100E5C91E /* ArrowView.swift in Sources */,
				F18D05012B0A99B600E5C91E /* StateBools.swift in Sources */,
				F122A2C72ADA4B10002E82AE /* NowView.swift in Sources */,
				F18D05032B0AA6B500E5C91E /* SettingsView.swift in Sources */,
				F122A2C02AD82A7C002E82AE /* SolarEventManager.swift in Sources */,
				F10C32A32B16EA9000CCF83B /* AlertView.swift in Sources */,
				F18D04F92B06BA7400E5C91E /* CurrentDateAndTimeView.swift in Sources */,
				F10C32A52B17601200CCF83B /* NetworkMonitor.swift in Sources */,
				F119C6672A7B59A200B183F5 /* EventView.swift in Sources */,
				F1B5FE182A735D2200CBBCE6 /* Extensions.swift in Sources */,
				F1F9E49B2B11220C00DA4026 /* Enums.swift in Sources */,
				F122A2BC2AD2FB0F002E82AE /* LocationManager.swift in Sources */,
				F1D9AD3A2B13966E0076832F /* DataController.swift in Sources */,
				F122A2C32ADA4AD1002E82AE /* BackgroundView.swift in Sources */,
				F1102AFA2A6DDCA6007534C1 /* TimeTicks.swift in Sources */,
				F166ACB92B256B7900AE27E3 /* SettingsViewTest.swift in Sources */,
				F19149272AD2649000A31D5A /* SolarDay.swift in Sources */,
				F122A2C92ADA4B20002E82AE /* TimeTickViews.swift in Sources */,
				F1D15B442A5FA758006F6A4E /* ContentView.swift in Sources */,
				F1F9E49E2B12AF2A00DA4026 /* StoredSolarDays.xcdatamodeld in Sources */,
				F18D04FD2B0824F500E5C91E /* LayoutValueKeys.swift in Sources */,
				F18D04FB2B08237F00E5C91E /* HorizontalLayoutNoOverlap.swift in Sources */,
				F1D15B422A5FA758006F6A4E /* TARDIS_CalendarApp.swift in Sources */,
				F18D051F2B0BC01C00E5C91E /* CalendarSet.swift in Sources */,
			);
			runOnlyForDeploymentPostprocessing = 0;
		};
/* End PBXSourcesBuildPhase section */

/* Begin XCBuildConfiguration section */
		F1D15B4A2A5FA75B006F6A4E /* Debug */ = {
			isa = XCBuildConfiguration;
			buildSettings = {
				ALWAYS_SEARCH_USER_PATHS = NO;
				CLANG_ANALYZER_NONNULL = YES;
				CLANG_ANALYZER_NUMBER_OBJECT_CONVERSION = YES_AGGRESSIVE;
				CLANG_CXX_LANGUAGE_STANDARD = "gnu++20";
				CLANG_ENABLE_MODULES = YES;
				CLANG_ENABLE_OBJC_ARC = YES;
				CLANG_ENABLE_OBJC_WEAK = YES;
				CLANG_WARN_BLOCK_CAPTURE_AUTORELEASING = YES;
				CLANG_WARN_BOOL_CONVERSION = YES;
				CLANG_WARN_COMMA = YES;
				CLANG_WARN_CONSTANT_CONVERSION = YES;
				CLANG_WARN_DEPRECATED_OBJC_IMPLEMENTATIONS = YES;
				CLANG_WARN_DIRECT_OBJC_ISA_USAGE = YES_ERROR;
				CLANG_WARN_DOCUMENTATION_COMMENTS = YES;
				CLANG_WARN_EMPTY_BODY = YES;
				CLANG_WARN_ENUM_CONVERSION = YES;
				CLANG_WARN_INFINITE_RECURSION = YES;
				CLANG_WARN_INT_CONVERSION = YES;
				CLANG_WARN_NON_LITERAL_NULL_CONVERSION = YES;
				CLANG_WARN_OBJC_IMPLICIT_RETAIN_SELF = YES;
				CLANG_WARN_OBJC_LITERAL_CONVERSION = YES;
				CLANG_WARN_OBJC_ROOT_CLASS = YES_ERROR;
				CLANG_WARN_QUOTED_INCLUDE_IN_FRAMEWORK_HEADER = YES;
				CLANG_WARN_RANGE_LOOP_ANALYSIS = YES;
				CLANG_WARN_STRICT_PROTOTYPES = YES;
				CLANG_WARN_SUSPICIOUS_MOVE = YES;
				CLANG_WARN_UNGUARDED_AVAILABILITY = YES_AGGRESSIVE;
				CLANG_WARN_UNREACHABLE_CODE = YES;
				CLANG_WARN__DUPLICATE_METHOD_MATCH = YES;
				COPY_PHASE_STRIP = NO;
				DEBUG_INFORMATION_FORMAT = dwarf;
				ENABLE_STRICT_OBJC_MSGSEND = YES;
				ENABLE_TESTABILITY = YES;
				GCC_C_LANGUAGE_STANDARD = gnu11;
				GCC_DYNAMIC_NO_PIC = NO;
				GCC_NO_COMMON_BLOCKS = YES;
				GCC_OPTIMIZATION_LEVEL = 0;
				GCC_PREPROCESSOR_DEFINITIONS = (
					"DEBUG=1",
					"$(inherited)",
				);
				GCC_WARN_64_TO_32_BIT_CONVERSION = YES;
				GCC_WARN_ABOUT_RETURN_TYPE = YES_ERROR;
				GCC_WARN_UNDECLARED_SELECTOR = YES;
				GCC_WARN_UNINITIALIZED_AUTOS = YES_AGGRESSIVE;
				GCC_WARN_UNUSED_FUNCTION = YES;
				GCC_WARN_UNUSED_VARIABLE = YES;
				INFOPLIST_KEY_NSCalendarsUsageDescription = "This app displays events from Calendar.";
				IPHONEOS_DEPLOYMENT_TARGET = 16.0;
				MTL_ENABLE_DEBUG_INFO = INCLUDE_SOURCE;
				MTL_FAST_MATH = YES;
				ONLY_ACTIVE_ARCH = YES;
				SDKROOT = iphoneos;
				SWIFT_ACTIVE_COMPILATION_CONDITIONS = DEBUG;
				SWIFT_OPTIMIZATION_LEVEL = "-Onone";
			};
			name = Debug;
		};
		F1D15B4B2A5FA75B006F6A4E /* Release */ = {
			isa = XCBuildConfiguration;
			buildSettings = {
				ALWAYS_SEARCH_USER_PATHS = NO;
				CLANG_ANALYZER_NONNULL = YES;
				CLANG_ANALYZER_NUMBER_OBJECT_CONVERSION = YES_AGGRESSIVE;
				CLANG_CXX_LANGUAGE_STANDARD = "gnu++20";
				CLANG_ENABLE_MODULES = YES;
				CLANG_ENABLE_OBJC_ARC = YES;
				CLANG_ENABLE_OBJC_WEAK = YES;
				CLANG_WARN_BLOCK_CAPTURE_AUTORELEASING = YES;
				CLANG_WARN_BOOL_CONVERSION = YES;
				CLANG_WARN_COMMA = YES;
				CLANG_WARN_CONSTANT_CONVERSION = YES;
				CLANG_WARN_DEPRECATED_OBJC_IMPLEMENTATIONS = YES;
				CLANG_WARN_DIRECT_OBJC_ISA_USAGE = YES_ERROR;
				CLANG_WARN_DOCUMENTATION_COMMENTS = YES;
				CLANG_WARN_EMPTY_BODY = YES;
				CLANG_WARN_ENUM_CONVERSION = YES;
				CLANG_WARN_INFINITE_RECURSION = YES;
				CLANG_WARN_INT_CONVERSION = YES;
				CLANG_WARN_NON_LITERAL_NULL_CONVERSION = YES;
				CLANG_WARN_OBJC_IMPLICIT_RETAIN_SELF = YES;
				CLANG_WARN_OBJC_LITERAL_CONVERSION = YES;
				CLANG_WARN_OBJC_ROOT_CLASS = YES_ERROR;
				CLANG_WARN_QUOTED_INCLUDE_IN_FRAMEWORK_HEADER = YES;
				CLANG_WARN_RANGE_LOOP_ANALYSIS = YES;
				CLANG_WARN_STRICT_PROTOTYPES = YES;
				CLANG_WARN_SUSPICIOUS_MOVE = YES;
				CLANG_WARN_UNGUARDED_AVAILABILITY = YES_AGGRESSIVE;
				CLANG_WARN_UNREACHABLE_CODE = YES;
				CLANG_WARN__DUPLICATE_METHOD_MATCH = YES;
				COPY_PHASE_STRIP = NO;
				DEBUG_INFORMATION_FORMAT = "dwarf-with-dsym";
				ENABLE_NS_ASSERTIONS = NO;
				ENABLE_STRICT_OBJC_MSGSEND = YES;
				GCC_C_LANGUAGE_STANDARD = gnu11;
				GCC_NO_COMMON_BLOCKS = YES;
				GCC_WARN_64_TO_32_BIT_CONVERSION = YES;
				GCC_WARN_ABOUT_RETURN_TYPE = YES_ERROR;
				GCC_WARN_UNDECLARED_SELECTOR = YES;
				GCC_WARN_UNINITIALIZED_AUTOS = YES_AGGRESSIVE;
				GCC_WARN_UNUSED_FUNCTION = YES;
				GCC_WARN_UNUSED_VARIABLE = YES;
				INFOPLIST_KEY_NSCalendarsUsageDescription = "This app displays events from Calendar.";
				IPHONEOS_DEPLOYMENT_TARGET = 16.0;
				MTL_ENABLE_DEBUG_INFO = NO;
				MTL_FAST_MATH = YES;
				SDKROOT = iphoneos;
				SWIFT_COMPILATION_MODE = wholemodule;
				SWIFT_OPTIMIZATION_LEVEL = "-O";
				VALIDATE_PRODUCT = YES;
			};
			name = Release;
		};
		F1D15B4D2A5FA75B006F6A4E /* Debug */ = {
			isa = XCBuildConfiguration;
			buildSettings = {
				ASSETCATALOG_COMPILER_APPICON_NAME = AppIcon;
				ASSETCATALOG_COMPILER_GLOBAL_ACCENT_COLOR_NAME = AccentColor;
				CODE_SIGN_STYLE = Automatic;
				CURRENT_PROJECT_VERSION = 1;
				DEVELOPMENT_ASSET_PATHS = "\"TARDIS Calendar/Preview Content\"";
				DEVELOPMENT_TEAM = W692UH5R35;
				ENABLE_PREVIEWS = YES;
				GENERATE_INFOPLIST_FILE = YES;
				INFOPLIST_FILE = "TARDIS-Calendar-Info.plist";
				INFOPLIST_KEY_NSCalendarsUsageDescription = "This app displays events from Apple's Calendar App.";
				INFOPLIST_KEY_NSLocationWhenInUseUsageDescription = "This app uses your approximate location to display acurate sunrise and sunset times.";
				INFOPLIST_KEY_UIApplicationSceneManifest_Generation = YES;
				INFOPLIST_KEY_UIApplicationSupportsIndirectInputEvents = YES;
				INFOPLIST_KEY_UILaunchScreen_Generation = YES;
				INFOPLIST_KEY_UISupportedInterfaceOrientations = "UIInterfaceOrientationLandscapeLeft UIInterfaceOrientationLandscapeRight";
				INFOPLIST_KEY_UISupportedInterfaceOrientations_iPad = "UIInterfaceOrientationLandscapeLeft UIInterfaceOrientationLandscapeRight UIInterfaceOrientationPortrait UIInterfaceOrientationPortraitUpsideDown";
				LD_RUNPATH_SEARCH_PATHS = (
					"$(inherited)",
					"@executable_path/Frameworks",
				);
				MARKETING_VERSION = 1.0;
				PRODUCT_BUNDLE_IDENTIFIER = "com.montyharper.TARDIS-Calendar";
				PRODUCT_NAME = "$(TARGET_NAME)";
				SWIFT_EMIT_LOC_STRINGS = YES;
				SWIFT_VERSION = 5.0;
				TARGETED_DEVICE_FAMILY = "1,2";
			};
			name = Debug;
		};
		F1D15B4E2A5FA75B006F6A4E /* Release */ = {
			isa = XCBuildConfiguration;
			buildSettings = {
				ASSETCATALOG_COMPILER_APPICON_NAME = AppIcon;
				ASSETCATALOG_COMPILER_GLOBAL_ACCENT_COLOR_NAME = AccentColor;
				CODE_SIGN_STYLE = Automatic;
				CURRENT_PROJECT_VERSION = 1;
				DEVELOPMENT_ASSET_PATHS = "\"TARDIS Calendar/Preview Content\"";
				DEVELOPMENT_TEAM = W692UH5R35;
				ENABLE_PREVIEWS = YES;
				GENERATE_INFOPLIST_FILE = YES;
				INFOPLIST_FILE = "TARDIS-Calendar-Info.plist";
				INFOPLIST_KEY_NSCalendarsUsageDescription = "This app displays events from Apple's Calendar App.";
				INFOPLIST_KEY_NSLocationWhenInUseUsageDescription = "This app uses your approximate location to display acurate sunrise and sunset times.";
				INFOPLIST_KEY_UIApplicationSceneManifest_Generation = YES;
				INFOPLIST_KEY_UIApplicationSupportsIndirectInputEvents = YES;
				INFOPLIST_KEY_UILaunchScreen_Generation = YES;
				INFOPLIST_KEY_UISupportedInterfaceOrientations = "UIInterfaceOrientationLandscapeLeft UIInterfaceOrientationLandscapeRight";
				INFOPLIST_KEY_UISupportedInterfaceOrientations_iPad = "UIInterfaceOrientationLandscapeLeft UIInterfaceOrientationLandscapeRight UIInterfaceOrientationPortrait UIInterfaceOrientationPortraitUpsideDown";
				LD_RUNPATH_SEARCH_PATHS = (
					"$(inherited)",
					"@executable_path/Frameworks",
				);
				MARKETING_VERSION = 1.0;
				PRODUCT_BUNDLE_IDENTIFIER = "com.montyharper.TARDIS-Calendar";
				PRODUCT_NAME = "$(TARGET_NAME)";
				SWIFT_EMIT_LOC_STRINGS = YES;
				SWIFT_VERSION = 5.0;
				TARGETED_DEVICE_FAMILY = "1,2";
			};
			name = Release;
		};
/* End XCBuildConfiguration section */

/* Begin XCConfigurationList section */
		F1D15B392A5FA758006F6A4E /* Build configuration list for PBXProject "TARDIS Calendar" */ = {
			isa = XCConfigurationList;
			buildConfigurations = (
				F1D15B4A2A5FA75B006F6A4E /* Debug */,
				F1D15B4B2A5FA75B006F6A4E /* Release */,
			);
			defaultConfigurationIsVisible = 0;
			defaultConfigurationName = Release;
		};
		F1D15B4C2A5FA75B006F6A4E /* Build configuration list for PBXNativeTarget "TARDIS Calendar" */ = {
			isa = XCConfigurationList;
			buildConfigurations = (
				F1D15B4D2A5FA75B006F6A4E /* Debug */,
				F1D15B4E2A5FA75B006F6A4E /* Release */,
			);
			defaultConfigurationIsVisible = 0;
			defaultConfigurationName = Release;
		};
/* End XCConfigurationList section */

/* Begin XCVersionGroup section */
		F1F9E49C2B12AF2A00DA4026 /* StoredSolarDays.xcdatamodeld */ = {
			isa = XCVersionGroup;
			children = (
				F1F9E49D2B12AF2A00DA4026 /* SolarDay.xcdatamodel */,
			);
			currentVersion = F1F9E49D2B12AF2A00DA4026 /* SolarDay.xcdatamodel */;
			path = StoredSolarDays.xcdatamodeld;
			sourceTree = "<group>";
			versionGroupType = wrapper.xcdatamodel;
		};
/* End XCVersionGroup section */
	};
	rootObject = F1D15B362A5FA758006F6A4E /* Project object */;
}
