// !$*UTF8*$!
{
	archiveVersion = 1;
	classes = {
	};
	objectVersion = 56;
	objects = {

/* Begin PBXBuildFile section */
		F10C32A32B16EA9000CCF83B /* AlertView.swift in Sources */ = {isa = PBXBuildFile; fileRef = F10C32A22B16EA9000CCF83B /* AlertView.swift */; };
		F10C32A52B17601200CCF83B /* NetworkMonitor.swift in Sources */ = {isa = PBXBuildFile; fileRef = F10C32A42B17601200CCF83B /* NetworkMonitor.swift */; };
		F119C6672A7B59A200B183F5 /* EventView.swift in Sources */ = {isa = PBXBuildFile; fileRef = F119C6662A7B59A200B183F5 /* EventView.swift */; };
		F122A2C32ADA4AD1002E82AE /* BackgroundView.swift in Sources */ = {isa = PBXBuildFile; fileRef = F122A2C22ADA4AD1002E82AE /* BackgroundView.swift */; };
		F122A2C72ADA4B10002E82AE /* NowView.swift in Sources */ = {isa = PBXBuildFile; fileRef = F122A2C62ADA4B10002E82AE /* NowView.swift */; };
		F122A2C92ADA4B20002E82AE /* TimeTickLabelView.swift in Sources */ = {isa = PBXBuildFile; fileRef = F122A2C82ADA4B20002E82AE /* TimeTickLabelView.swift */; };
		F122A3082ADF17C1002E82AE /* EventManager.swift in Sources */ = {isa = PBXBuildFile; fileRef = F122A3072ADF17C1002E82AE /* EventManager.swift */; };
		F122A30E2AE02A54002E82AE /* Timeline.swift in Sources */ = {isa = PBXBuildFile; fileRef = F122A30D2AE02A54002E82AE /* Timeline.swift */; };
		F126A8CB2BE5EA1E00C4528C /* SolarEventManagerTests.swift in Sources */ = {isa = PBXBuildFile; fileRef = F126A8CA2BE5EA1E00C4528C /* SolarEventManagerTests.swift */; };
		F12E6C712BA2B88A003C4BC1 /* AlertViewModel.swift in Sources */ = {isa = PBXBuildFile; fileRef = F12E6C702BA2B88A003C4BC1 /* AlertViewModel.swift */; };
		F12E6C752BA54F1C003C4BC1 /* LabelManager.swift in Sources */ = {isa = PBXBuildFile; fileRef = F12E6C742BA54F1C003C4BC1 /* LabelManager.swift */; };
		F12E6C772BA5F650003C4BC1 /* TimeTickLabel.swift in Sources */ = {isa = PBXBuildFile; fileRef = F12E6C762BA5F650003C4BC1 /* TimeTickLabel.swift */; };
		F13BC5222B7C7C87008C491E /* SolarEventManager.swift in Sources */ = {isa = PBXBuildFile; fileRef = F13BC5212B7C7C87008C491E /* SolarEventManager.swift */; };
		F13BC5242B7DAA20008C491E /* NetworkManager.swift in Sources */ = {isa = PBXBuildFile; fileRef = F13BC5232B7DAA20008C491E /* NetworkManager.swift */; };
		F13BC5262B81B973008C491E /* ScreenStops.swift in Sources */ = {isa = PBXBuildFile; fileRef = F13BC5252B81B973008C491E /* ScreenStops.swift */; };
		F13BC5422B8D3738008C491E /* TimeManager.swift in Sources */ = {isa = PBXBuildFile; fileRef = F13BC5412B8D3738008C491E /* TimeManager.swift */; };
		F13BC5442B8D3A3A008C491E /* DayTracker.swift in Sources */ = {isa = PBXBuildFile; fileRef = F13BC5432B8D3A3A008C491E /* DayTracker.swift */; };
		F14A8A432B32A9D90049217C /* HeaderView.swift in Sources */ = {isa = PBXBuildFile; fileRef = F14A8A422B32A9D90049217C /* HeaderView.swift */; };
		F14A8A472B331A390049217C /* Dimensions.swift in Sources */ = {isa = PBXBuildFile; fileRef = F14A8A462B331A390049217C /* Dimensions.swift */; };
		F166ACBB2B2750F800AE27E3 /* MarqueeView.swift in Sources */ = {isa = PBXBuildFile; fileRef = F166ACBA2B2750F800AE27E3 /* MarqueeView.swift */; };
		F18D04F52B0009D300E5C91E /* README.md in Resources */ = {isa = PBXBuildFile; fileRef = F18D04F42B0009D300E5C91E /* README.md */; };
		F18D04F72B06B35100E5C91E /* ArrowView.swift in Sources */ = {isa = PBXBuildFile; fileRef = F18D04F62B06B35100E5C91E /* ArrowView.swift */; };
		F18D04FB2B08237F00E5C91E /* HorizontalLayoutNoOverlap.swift in Sources */ = {isa = PBXBuildFile; fileRef = F18D04FA2B08237F00E5C91E /* HorizontalLayoutNoOverlap.swift */; };
		F18D04FD2B0824F500E5C91E /* LayoutValueKeys.swift in Sources */ = {isa = PBXBuildFile; fileRef = F18D04FC2B0824F500E5C91E /* LayoutValueKeys.swift */; };
		F18D05032B0AA6B500E5C91E /* SettingsView.swift in Sources */ = {isa = PBXBuildFile; fileRef = F18D05022B0AA6B500E5C91E /* SettingsView.swift */; };
		F18D051F2B0BC01C00E5C91E /* CalendarManager.swift in Sources */ = {isa = PBXBuildFile; fileRef = F18D051E2B0BC01C00E5C91E /* CalendarManager.swift */; };
		F19149272AD2649000A31D5A /* SolarDay.swift in Sources */ = {isa = PBXBuildFile; fileRef = F19149262AD2649000A31D5A /* SolarDay.swift */; };
		F19447A22B5CC23700BDC03B /* Event.swift in Sources */ = {isa = PBXBuildFile; fileRef = F19447A12B5CC23700BDC03B /* Event.swift */; };
		F19447A62B60CBE400BDC03B /* AppleCalendar.swift in Sources */ = {isa = PBXBuildFile; fileRef = F19447A52B60CBE400BDC03B /* AppleCalendar.swift */; };
		F19447A82B60CD7900BDC03B /* EventStore.swift in Sources */ = {isa = PBXBuildFile; fileRef = F19447A72B60CD7900BDC03B /* EventStore.swift */; };
		F19447AA2B61B80E00BDC03B /* ButtonModel.swift in Sources */ = {isa = PBXBuildFile; fileRef = F19447A92B61B80E00BDC03B /* ButtonModel.swift */; };
		F19447AC2B61BE6200BDC03B /* ButtonMaker.swift in Sources */ = {isa = PBXBuildFile; fileRef = F19447AB2B61BE6200BDC03B /* ButtonMaker.swift */; };
		F19447AE2B61C23000BDC03B /* BannerMaker.swift in Sources */ = {isa = PBXBuildFile; fileRef = F19447AD2B61C23000BDC03B /* BannerMaker.swift */; };
		F1B5FE182A735D2200CBBCE6 /* Extensions.swift in Sources */ = {isa = PBXBuildFile; fileRef = F1B5FE172A735D2200CBBCE6 /* Extensions.swift */; };
		F1D15B422A5FA758006F6A4E /* TARDIS_CalendarApp.swift in Sources */ = {isa = PBXBuildFile; fileRef = F1D15B412A5FA758006F6A4E /* TARDIS_CalendarApp.swift */; };
		F1D15B442A5FA758006F6A4E /* ContentView.swift in Sources */ = {isa = PBXBuildFile; fileRef = F1D15B432A5FA758006F6A4E /* ContentView.swift */; };
		F1D15B462A5FA75B006F6A4E /* Assets.xcassets in Resources */ = {isa = PBXBuildFile; fileRef = F1D15B452A5FA75B006F6A4E /* Assets.xcassets */; };
		F1D15B492A5FA75B006F6A4E /* Preview Assets.xcassets in Resources */ = {isa = PBXBuildFile; fileRef = F1D15B482A5FA75B006F6A4E /* Preview Assets.xcassets */; };
		F1DED93D2B3624450023BF22 /* TimeTickBar.swift in Sources */ = {isa = PBXBuildFile; fileRef = F1DED93C2B3624450023BF22 /* TimeTickBar.swift */; };
		F1DED93F2B3756660023BF22 /* ButtonBar.swift in Sources */ = {isa = PBXBuildFile; fileRef = F1DED93E2B3756660023BF22 /* ButtonBar.swift */; };
		F1DED9412B3B164D0023BF22 /* EventTimelineView.swift in Sources */ = {isa = PBXBuildFile; fileRef = F1DED9402B3B164D0023BF22 /* EventTimelineView.swift */; };
		F1EDCEEF2B9BC56100BB77F9 /* OneFingerZoom.swift in Sources */ = {isa = PBXBuildFile; fileRef = F1EDCEEE2B9BC56100BB77F9 /* OneFingerZoom.swift */; };
		F1EDCEF12B9C079800BB77F9 /* HiddenSettingsButton.swift in Sources */ = {isa = PBXBuildFile; fileRef = F1EDCEF02B9C079800BB77F9 /* HiddenSettingsButton.swift */; };
		F1EDCEF82B9FBDA100BB77F9 /* IconEventView.swift in Sources */ = {isa = PBXBuildFile; fileRef = F1EDCEF72B9FBDA100BB77F9 /* IconEventView.swift */; };
		F1EDCEFA2B9FBDBC00BB77F9 /* EventIsNowView.swift in Sources */ = {isa = PBXBuildFile; fileRef = F1EDCEF92B9FBDBC00BB77F9 /* EventIsNowView.swift */; };
		F1EDCEFC2B9FBDD500BB77F9 /* ExpandedEventView.swift in Sources */ = {isa = PBXBuildFile; fileRef = F1EDCEFB2B9FBDD500BB77F9 /* ExpandedEventView.swift */; };
		F1EDCEFE2BA00B3300BB77F9 /* CalendarSelectionView.swift in Sources */ = {isa = PBXBuildFile; fileRef = F1EDCEFD2BA00B3300BB77F9 /* CalendarSelectionView.swift */; };
		F1EDCF002BA00B4800BB77F9 /* PhotoSeletionView.swift in Sources */ = {isa = PBXBuildFile; fileRef = F1EDCEFF2BA00B4800BB77F9 /* PhotoSeletionView.swift */; };
		F1F9E49B2B11220C00DA4026 /* Enums.swift in Sources */ = {isa = PBXBuildFile; fileRef = F1F9E49A2B11220C00DA4026 /* Enums.swift */; };
/* End PBXBuildFile section */

/* Begin PBXContainerItemProxy section */
		F126A8CC2BE5EA1E00C4528C /* PBXContainerItemProxy */ = {
			isa = PBXContainerItemProxy;
			containerPortal = F1D15B362A5FA758006F6A4E /* Project object */;
			proxyType = 1;
			remoteGlobalIDString = F1D15B3D2A5FA758006F6A4E;
			remoteInfo = "TARDIS Calendar";
		};
/* End PBXContainerItemProxy section */

/* Begin PBXFileReference section */
		F10C32A22B16EA9000CCF83B /* AlertView.swift */ = {isa = PBXFileReference; lastKnownFileType = sourcecode.swift; path = AlertView.swift; sourceTree = "<group>"; };
		F10C32A42B17601200CCF83B /* NetworkMonitor.swift */ = {isa = PBXFileReference; lastKnownFileType = sourcecode.swift; path = NetworkMonitor.swift; sourceTree = "<group>"; };
		F119C6662A7B59A200B183F5 /* EventView.swift */ = {isa = PBXFileReference; lastKnownFileType = sourcecode.swift; path = EventView.swift; sourceTree = "<group>"; };
		F119C6842A7CA56A00B183F5 /* TARDIS-Calendar-Info.plist */ = {isa = PBXFileReference; lastKnownFileType = text.plist; path = "TARDIS-Calendar-Info.plist"; sourceTree = SOURCE_ROOT; };
		F122A2C22ADA4AD1002E82AE /* BackgroundView.swift */ = {isa = PBXFileReference; lastKnownFileType = sourcecode.swift; path = BackgroundView.swift; sourceTree = "<group>"; };
		F122A2C62ADA4B10002E82AE /* NowView.swift */ = {isa = PBXFileReference; lastKnownFileType = sourcecode.swift; path = NowView.swift; sourceTree = "<group>"; };
		F122A2C82ADA4B20002E82AE /* TimeTickLabelView.swift */ = {isa = PBXFileReference; lastKnownFileType = sourcecode.swift; path = TimeTickLabelView.swift; sourceTree = "<group>"; };
		F122A3072ADF17C1002E82AE /* EventManager.swift */ = {isa = PBXFileReference; lastKnownFileType = sourcecode.swift; path = EventManager.swift; sourceTree = "<group>"; };
		F122A30D2AE02A54002E82AE /* Timeline.swift */ = {isa = PBXFileReference; lastKnownFileType = sourcecode.swift; path = Timeline.swift; sourceTree = "<group>"; };
		F126A8C82BE5EA1E00C4528C /* TARDIS CalendarTests.xctest */ = {isa = PBXFileReference; explicitFileType = wrapper.cfbundle; includeInIndex = 0; path = "TARDIS CalendarTests.xctest"; sourceTree = BUILT_PRODUCTS_DIR; };
		F126A8CA2BE5EA1E00C4528C /* SolarEventManagerTests.swift */ = {isa = PBXFileReference; lastKnownFileType = sourcecode.swift; path = SolarEventManagerTests.swift; sourceTree = "<group>"; };
		F12E6C702BA2B88A003C4BC1 /* AlertViewModel.swift */ = {isa = PBXFileReference; lastKnownFileType = sourcecode.swift; path = AlertViewModel.swift; sourceTree = "<group>"; };
		F12E6C742BA54F1C003C4BC1 /* LabelManager.swift */ = {isa = PBXFileReference; fileEncoding = 4; lastKnownFileType = sourcecode.swift; path = LabelManager.swift; sourceTree = "<group>"; };
		F12E6C762BA5F650003C4BC1 /* TimeTickLabel.swift */ = {isa = PBXFileReference; lastKnownFileType = sourcecode.swift; path = TimeTickLabel.swift; sourceTree = "<group>"; };
		F13BC5212B7C7C87008C491E /* SolarEventManager.swift */ = {isa = PBXFileReference; lastKnownFileType = sourcecode.swift; path = SolarEventManager.swift; sourceTree = "<group>"; };
		F13BC5232B7DAA20008C491E /* NetworkManager.swift */ = {isa = PBXFileReference; lastKnownFileType = sourcecode.swift; path = NetworkManager.swift; sourceTree = "<group>"; };
		F13BC5252B81B973008C491E /* ScreenStops.swift */ = {isa = PBXFileReference; lastKnownFileType = sourcecode.swift; path = ScreenStops.swift; sourceTree = "<group>"; };
		F13BC5412B8D3738008C491E /* TimeManager.swift */ = {isa = PBXFileReference; lastKnownFileType = sourcecode.swift; path = TimeManager.swift; sourceTree = "<group>"; };
		F13BC5432B8D3A3A008C491E /* DayTracker.swift */ = {isa = PBXFileReference; lastKnownFileType = sourcecode.swift; path = DayTracker.swift; sourceTree = "<group>"; };
		F14A8A422B32A9D90049217C /* HeaderView.swift */ = {isa = PBXFileReference; lastKnownFileType = sourcecode.swift; path = HeaderView.swift; sourceTree = "<group>"; };
		F14A8A462B331A390049217C /* Dimensions.swift */ = {isa = PBXFileReference; lastKnownFileType = sourcecode.swift; path = Dimensions.swift; sourceTree = "<group>"; };
		F166ACBA2B2750F800AE27E3 /* MarqueeView.swift */ = {isa = PBXFileReference; lastKnownFileType = sourcecode.swift; path = MarqueeView.swift; sourceTree = "<group>"; };
		F18D04F42B0009D300E5C91E /* README.md */ = {isa = PBXFileReference; fileEncoding = 4; lastKnownFileType = net.daringfireball.markdown; name = README.md; path = "TARDIS Calendar/README.md"; sourceTree = SOURCE_ROOT; };
		F18D04F62B06B35100E5C91E /* ArrowView.swift */ = {isa = PBXFileReference; lastKnownFileType = sourcecode.swift; path = ArrowView.swift; sourceTree = "<group>"; };
		F18D04FA2B08237F00E5C91E /* HorizontalLayoutNoOverlap.swift */ = {isa = PBXFileReference; lastKnownFileType = sourcecode.swift; path = HorizontalLayoutNoOverlap.swift; sourceTree = "<group>"; };
		F18D04FC2B0824F500E5C91E /* LayoutValueKeys.swift */ = {isa = PBXFileReference; lastKnownFileType = sourcecode.swift; path = LayoutValueKeys.swift; sourceTree = "<group>"; };
		F18D05022B0AA6B500E5C91E /* SettingsView.swift */ = {isa = PBXFileReference; lastKnownFileType = sourcecode.swift; path = SettingsView.swift; sourceTree = "<group>"; };
		F18D051E2B0BC01C00E5C91E /* CalendarManager.swift */ = {isa = PBXFileReference; lastKnownFileType = sourcecode.swift; path = CalendarManager.swift; sourceTree = "<group>"; };
		F19149262AD2649000A31D5A /* SolarDay.swift */ = {isa = PBXFileReference; lastKnownFileType = sourcecode.swift; path = SolarDay.swift; sourceTree = "<group>"; };
		F19447A12B5CC23700BDC03B /* Event.swift */ = {isa = PBXFileReference; lastKnownFileType = sourcecode.swift; path = Event.swift; sourceTree = "<group>"; };
		F19447A52B60CBE400BDC03B /* AppleCalendar.swift */ = {isa = PBXFileReference; lastKnownFileType = sourcecode.swift; path = AppleCalendar.swift; sourceTree = "<group>"; };
		F19447A72B60CD7900BDC03B /* EventStore.swift */ = {isa = PBXFileReference; lastKnownFileType = sourcecode.swift; path = EventStore.swift; sourceTree = "<group>"; };
		F19447A92B61B80E00BDC03B /* ButtonModel.swift */ = {isa = PBXFileReference; lastKnownFileType = sourcecode.swift; path = ButtonModel.swift; sourceTree = "<group>"; };
		F19447AB2B61BE6200BDC03B /* ButtonMaker.swift */ = {isa = PBXFileReference; lastKnownFileType = sourcecode.swift; path = ButtonMaker.swift; sourceTree = "<group>"; };
		F19447AD2B61C23000BDC03B /* BannerMaker.swift */ = {isa = PBXFileReference; lastKnownFileType = sourcecode.swift; path = BannerMaker.swift; sourceTree = "<group>"; };
		F1B5FE172A735D2200CBBCE6 /* Extensions.swift */ = {isa = PBXFileReference; lastKnownFileType = sourcecode.swift; path = Extensions.swift; sourceTree = "<group>"; };
		F1D15B3E2A5FA758006F6A4E /* TARDIS Calendar.app */ = {isa = PBXFileReference; explicitFileType = wrapper.application; includeInIndex = 0; path = "TARDIS Calendar.app"; sourceTree = BUILT_PRODUCTS_DIR; };
		F1D15B412A5FA758006F6A4E /* TARDIS_CalendarApp.swift */ = {isa = PBXFileReference; lastKnownFileType = sourcecode.swift; path = TARDIS_CalendarApp.swift; sourceTree = "<group>"; };
		F1D15B432A5FA758006F6A4E /* ContentView.swift */ = {isa = PBXFileReference; lastKnownFileType = sourcecode.swift; path = ContentView.swift; sourceTree = "<group>"; };
		F1D15B452A5FA75B006F6A4E /* Assets.xcassets */ = {isa = PBXFileReference; lastKnownFileType = folder.assetcatalog; path = Assets.xcassets; sourceTree = "<group>"; };
		F1D15B482A5FA75B006F6A4E /* Preview Assets.xcassets */ = {isa = PBXFileReference; lastKnownFileType = folder.assetcatalog; path = "Preview Assets.xcassets"; sourceTree = "<group>"; };
		F1DED93C2B3624450023BF22 /* TimeTickBar.swift */ = {isa = PBXFileReference; lastKnownFileType = sourcecode.swift; path = TimeTickBar.swift; sourceTree = "<group>"; };
		F1DED93E2B3756660023BF22 /* ButtonBar.swift */ = {isa = PBXFileReference; lastKnownFileType = sourcecode.swift; path = ButtonBar.swift; sourceTree = "<group>"; };
		F1DED9402B3B164D0023BF22 /* EventTimelineView.swift */ = {isa = PBXFileReference; lastKnownFileType = sourcecode.swift; path = EventTimelineView.swift; sourceTree = "<group>"; };
		F1EDCEEE2B9BC56100BB77F9 /* OneFingerZoom.swift */ = {isa = PBXFileReference; lastKnownFileType = sourcecode.swift; path = OneFingerZoom.swift; sourceTree = "<group>"; };
		F1EDCEF02B9C079800BB77F9 /* HiddenSettingsButton.swift */ = {isa = PBXFileReference; lastKnownFileType = sourcecode.swift; path = HiddenSettingsButton.swift; sourceTree = "<group>"; };
		F1EDCEF72B9FBDA100BB77F9 /* IconEventView.swift */ = {isa = PBXFileReference; lastKnownFileType = sourcecode.swift; path = IconEventView.swift; sourceTree = "<group>"; };
		F1EDCEF92B9FBDBC00BB77F9 /* EventIsNowView.swift */ = {isa = PBXFileReference; lastKnownFileType = sourcecode.swift; path = EventIsNowView.swift; sourceTree = "<group>"; };
		F1EDCEFB2B9FBDD500BB77F9 /* ExpandedEventView.swift */ = {isa = PBXFileReference; lastKnownFileType = sourcecode.swift; path = ExpandedEventView.swift; sourceTree = "<group>"; };
		F1EDCEFD2BA00B3300BB77F9 /* CalendarSelectionView.swift */ = {isa = PBXFileReference; lastKnownFileType = sourcecode.swift; path = CalendarSelectionView.swift; sourceTree = "<group>"; };
		F1EDCEFF2BA00B4800BB77F9 /* PhotoSeletionView.swift */ = {isa = PBXFileReference; lastKnownFileType = sourcecode.swift; path = PhotoSeletionView.swift; sourceTree = "<group>"; };
		F1F9E49A2B11220C00DA4026 /* Enums.swift */ = {isa = PBXFileReference; lastKnownFileType = sourcecode.swift; path = Enums.swift; sourceTree = "<group>"; };
/* End PBXFileReference section */

/* Begin PBXFrameworksBuildPhase section */
		F126A8C52BE5EA1E00C4528C /* Frameworks */ = {
			isa = PBXFrameworksBuildPhase;
			buildActionMask = 2147483647;
			files = (
			);
			runOnlyForDeploymentPostprocessing = 0;
		};
		F1D15B3B2A5FA758006F6A4E /* Frameworks */ = {
			isa = PBXFrameworksBuildPhase;
			buildActionMask = 2147483647;
			files = (
			);
			runOnlyForDeploymentPostprocessing = 0;
		};
/* End PBXFrameworksBuildPhase section */

/* Begin PBXGroup section */
		F122A2C12ADA3F2B002E82AE /* Views */ = {
			isa = PBXGroup;
			children = (
				F1D15B432A5FA758006F6A4E /* ContentView.swift */,
				F1EDCEEE2B9BC56100BB77F9 /* OneFingerZoom.swift */,
				F1EDCEF22B9C1ADB00BB77F9 /* Children */,
			);
			path = Views;
			sourceTree = "<group>";
		};
		F122A3062ADF1782002E82AE /* Managers */ = {
			isa = PBXGroup;
			children = (
				F122A3072ADF17C1002E82AE /* EventManager.swift */,
				F18D051E2B0BC01C00E5C91E /* CalendarManager.swift */,
				F19447A72B60CD7900BDC03B /* EventStore.swift */,
				F19447AB2B61BE6200BDC03B /* ButtonMaker.swift */,
				F19447AD2B61C23000BDC03B /* BannerMaker.swift */,
				F13BC5252B81B973008C491E /* ScreenStops.swift */,
				F12E6C742BA54F1C003C4BC1 /* LabelManager.swift */,
				F13BC5412B8D3738008C491E /* TimeManager.swift */,
				F13BC5212B7C7C87008C491E /* SolarEventManager.swift */,
				F13BC5432B8D3A3A008C491E /* DayTracker.swift */,
				F13BC5232B7DAA20008C491E /* NetworkManager.swift */,
			);
			path = Managers;
			sourceTree = "<group>";
		};
		F126A8C92BE5EA1E00C4528C /* TARDIS CalendarTests */ = {
			isa = PBXGroup;
			children = (
				F126A8CA2BE5EA1E00C4528C /* SolarEventManagerTests.swift */,
			);
			path = "TARDIS CalendarTests";
			sourceTree = "<group>";
		};
		F194479F2B5CC17600BDC03B /* Models */ = {
			isa = PBXGroup;
			children = (
				F19149262AD2649000A31D5A /* SolarDay.swift */,
				F19447A52B60CBE400BDC03B /* AppleCalendar.swift */,
				F12E6C762BA5F650003C4BC1 /* TimeTickLabel.swift */,
			);
			path = Models;
			sourceTree = "<group>";
		};
		F19447A02B5CC1A300BDC03B /* ViewModels */ = {
			isa = PBXGroup;
			children = (
				F19447A12B5CC23700BDC03B /* Event.swift */,
				F19447A92B61B80E00BDC03B /* ButtonModel.swift */,
			);
			path = ViewModels;
			sourceTree = "<group>";
		};
		F1D15B352A5FA758006F6A4E = {
			isa = PBXGroup;
			children = (
				F1D15B402A5FA758006F6A4E /* TARDIS Calendar */,
				F126A8C92BE5EA1E00C4528C /* TARDIS CalendarTests */,
				F1D15B3F2A5FA758006F6A4E /* Products */,
			);
			sourceTree = "<group>";
		};
		F1D15B3F2A5FA758006F6A4E /* Products */ = {
			isa = PBXGroup;
			children = (
				F1D15B3E2A5FA758006F6A4E /* TARDIS Calendar.app */,
				F126A8C82BE5EA1E00C4528C /* TARDIS CalendarTests.xctest */,
			);
			name = Products;
			sourceTree = "<group>";
		};
		F1D15B402A5FA758006F6A4E /* TARDIS Calendar */ = {
			isa = PBXGroup;
			children = (
				F119C6842A7CA56A00B183F5 /* TARDIS-Calendar-Info.plist */,
				F1D15B412A5FA758006F6A4E /* TARDIS_CalendarApp.swift */,
				F122A2C12ADA3F2B002E82AE /* Views */,
				F19447A02B5CC1A300BDC03B /* ViewModels */,
				F122A3062ADF1782002E82AE /* Managers */,
				F194479F2B5CC17600BDC03B /* Models */,
				F1F9E4992B111DBF00DA4026 /* Utilities */,
				F1D15B452A5FA75B006F6A4E /* Assets.xcassets */,
				F18D04F42B0009D300E5C91E /* README.md */,
				F1D15B472A5FA75B006F6A4E /* Preview Content */,
			);
			path = "TARDIS Calendar";
			sourceTree = "<group>";
		};
		F1D15B472A5FA75B006F6A4E /* Preview Content */ = {
			isa = PBXGroup;
			children = (
				F1D15B482A5FA75B006F6A4E /* Preview Assets.xcassets */,
			);
			path = "Preview Content";
			sourceTree = "<group>";
		};
		F1EDCEF22B9C1ADB00BB77F9 /* Children */ = {
			isa = PBXGroup;
			children = (
				F122A2C22ADA4AD1002E82AE /* BackgroundView.swift */,
				F14A8A422B32A9D90049217C /* HeaderView.swift */,
				F1EDCEF32B9C1B4F00BB77F9 /* Header Children */,
				F1DED9402B3B164D0023BF22 /* EventTimelineView.swift */,
				F1EDCEF52B9C1BD000BB77F9 /* Event Timeline Children */,
				F1DED93E2B3756660023BF22 /* ButtonBar.swift */,
				F1EDCEF02B9C079800BB77F9 /* HiddenSettingsButton.swift */,
				F1EDCEF42B9C1BB200BB77F9 /* Settings Children */,
				F10C32A22B16EA9000CCF83B /* AlertView.swift */,
				F12E6C702BA2B88A003C4BC1 /* AlertViewModel.swift */,
			);
			path = Children;
			sourceTree = "<group>";
		};
		F1EDCEF32B9C1B4F00BB77F9 /* Header Children */ = {
			isa = PBXGroup;
			children = (
				F166ACBA2B2750F800AE27E3 /* MarqueeView.swift */,
				F1DED93C2B3624450023BF22 /* TimeTickBar.swift */,
				F122A2C82ADA4B20002E82AE /* TimeTickLabelView.swift */,
				F18D04FA2B08237F00E5C91E /* HorizontalLayoutNoOverlap.swift */,
				F18D04FC2B0824F500E5C91E /* LayoutValueKeys.swift */,
			);
			path = "Header Children";
			sourceTree = "<group>";
		};
		F1EDCEF42B9C1BB200BB77F9 /* Settings Children */ = {
			isa = PBXGroup;
			children = (
				F18D05022B0AA6B500E5C91E /* SettingsView.swift */,
				F1EDCEFD2BA00B3300BB77F9 /* CalendarSelectionView.swift */,
				F1EDCEFF2BA00B4800BB77F9 /* PhotoSeletionView.swift */,
			);
			path = "Settings Children";
			sourceTree = "<group>";
		};
		F1EDCEF52B9C1BD000BB77F9 /* Event Timeline Children */ = {
			isa = PBXGroup;
			children = (
				F119C6662A7B59A200B183F5 /* EventView.swift */,
				F1EDCEF62B9FBD6400BB77F9 /* EventViewChildren */,
				F18D04F62B06B35100E5C91E /* ArrowView.swift */,
				F122A2C62ADA4B10002E82AE /* NowView.swift */,
			);
			path = "Event Timeline Children";
			sourceTree = "<group>";
		};
		F1EDCEF62B9FBD6400BB77F9 /* EventViewChildren */ = {
			isa = PBXGroup;
			children = (
				F1EDCEF72B9FBDA100BB77F9 /* IconEventView.swift */,
				F1EDCEF92B9FBDBC00BB77F9 /* EventIsNowView.swift */,
				F1EDCEFB2B9FBDD500BB77F9 /* ExpandedEventView.swift */,
			);
			path = EventViewChildren;
			sourceTree = "<group>";
		};
		F1F9E4992B111DBF00DA4026 /* Utilities */ = {
			isa = PBXGroup;
			children = (
				F1B5FE172A735D2200CBBCE6 /* Extensions.swift */,
				F14A8A462B331A390049217C /* Dimensions.swift */,
				F122A30D2AE02A54002E82AE /* Timeline.swift */,
				F1F9E49A2B11220C00DA4026 /* Enums.swift */,
				F10C32A42B17601200CCF83B /* NetworkMonitor.swift */,
			);
			path = Utilities;
			sourceTree = "<group>";
		};
/* End PBXGroup section */

/* Begin PBXNativeTarget section */
		F126A8C72BE5EA1E00C4528C /* TARDIS CalendarTests */ = {
			isa = PBXNativeTarget;
			buildConfigurationList = F126A8CE2BE5EA1E00C4528C /* Build configuration list for PBXNativeTarget "TARDIS CalendarTests" */;
			buildPhases = (
				F126A8C42BE5EA1E00C4528C /* Sources */,
				F126A8C52BE5EA1E00C4528C /* Frameworks */,
				F126A8C62BE5EA1E00C4528C /* Resources */,
			);
			buildRules = (
			);
			dependencies = (
				F126A8CD2BE5EA1E00C4528C /* PBXTargetDependency */,
			);
			name = "TARDIS CalendarTests";
			productName = "TARDIS CalendarTests";
			productReference = F126A8C82BE5EA1E00C4528C /* TARDIS CalendarTests.xctest */;
			productType = "com.apple.product-type.bundle.unit-test";
		};
		F1D15B3D2A5FA758006F6A4E /* TARDIS Calendar */ = {
			isa = PBXNativeTarget;
			buildConfigurationList = F1D15B4C2A5FA75B006F6A4E /* Build configuration list for PBXNativeTarget "TARDIS Calendar" */;
			buildPhases = (
				F1D15B3A2A5FA758006F6A4E /* Sources */,
				F1D15B3B2A5FA758006F6A4E /* Frameworks */,
				F1D15B3C2A5FA758006F6A4E /* Resources */,
			);
			buildRules = (
			);
			dependencies = (
			);
			name = "TARDIS Calendar";
			productName = "TARDIS Calendar";
			productReference = F1D15B3E2A5FA758006F6A4E /* TARDIS Calendar.app */;
			productType = "com.apple.product-type.application";
		};
/* End PBXNativeTarget section */

/* Begin PBXProject section */
		F1D15B362A5FA758006F6A4E /* Project object */ = {
			isa = PBXProject;
			attributes = {
				BuildIndependentTargetsInParallel = 1;
				LastSwiftUpdateCheck = 1400;
				LastUpgradeCheck = 1400;
				TargetAttributes = {
					F126A8C72BE5EA1E00C4528C = {
						CreatedOnToolsVersion = 14.0.1;
						TestTargetID = F1D15B3D2A5FA758006F6A4E;
					};
					F1D15B3D2A5FA758006F6A4E = {
						CreatedOnToolsVersion = 14.0.1;
					};
				};
			};
			buildConfigurationList = F1D15B392A5FA758006F6A4E /* Build configuration list for PBXProject "TARDIS Calendar" */;
			compatibilityVersion = "Xcode 14.0";
			developmentRegion = en;
			hasScannedForEncodings = 0;
			knownRegions = (
				en,
				Base,
			);
			mainGroup = F1D15B352A5FA758006F6A4E;
			productRefGroup = F1D15B3F2A5FA758006F6A4E /* Products */;
			projectDirPath = "";
			projectRoot = "";
			targets = (
				F1D15B3D2A5FA758006F6A4E /* TARDIS Calendar */,
				F126A8C72BE5EA1E00C4528C /* TARDIS CalendarTests */,
			);
		};
/* End PBXProject section */

/* Begin PBXResourcesBuildPhase section */
		F126A8C62BE5EA1E00C4528C /* Resources */ = {
			isa = PBXResourcesBuildPhase;
			buildActionMask = 2147483647;
			files = (
			);
			runOnlyForDeploymentPostprocessing = 0;
		};
		F1D15B3C2A5FA758006F6A4E /* Resources */ = {
			isa = PBXResourcesBuildPhase;
			buildActionMask = 2147483647;
			files = (
				F18D04F52B0009D300E5C91E /* README.md in Resources */,
				F1D15B492A5FA75B006F6A4E /* Preview Assets.xcassets in Resources */,
				F1D15B462A5FA75B006F6A4E /* Assets.xcassets in Resources */,
			);
			runOnlyForDeploymentPostprocessing = 0;
		};
/* End PBXResourcesBuildPhase section */

/* Begin PBXSourcesBuildPhase section */
		F126A8C42BE5EA1E00C4528C /* Sources */ = {
			isa = PBXSourcesBuildPhase;
			buildActionMask = 2147483647;
			files = (
				F126A8CB2BE5EA1E00C4528C /* SolarEventManagerTests.swift in Sources */,
			);
			runOnlyForDeploymentPostprocessing = 0;
		};
		F1D15B3A2A5FA758006F6A4E /* Sources */ = {
			isa = PBXSourcesBuildPhase;
			buildActionMask = 2147483647;
			files = (
				F122A30E2AE02A54002E82AE /* Timeline.swift in Sources */,
				F122A3082ADF17C1002E82AE /* EventManager.swift in Sources */,
				F18D04F72B06B35100E5C91E /* ArrowView.swift in Sources */,
				F13BC5242B7DAA20008C491E /* NetworkManager.swift in Sources */,
				F1EDCEF12B9C079800BB77F9 /* HiddenSettingsButton.swift in Sources */,
				F122A2C72ADA4B10002E82AE /* NowView.swift in Sources */,
				F12E6C712BA2B88A003C4BC1 /* AlertViewModel.swift in Sources */,
				F18D05032B0AA6B500E5C91E /* SettingsView.swift in Sources */,
				F1EDCEF82B9FBDA100BB77F9 /* IconEventView.swift in Sources */,
				F19447AA2B61B80E00BDC03B /* ButtonModel.swift in Sources */,
				F1DED93D2B3624450023BF22 /* TimeTickBar.swift in Sources */,
				F19447A22B5CC23700BDC03B /* Event.swift in Sources */,
				F1DED93F2B3756660023BF22 /* ButtonBar.swift in Sources */,
				F10C32A32B16EA9000CCF83B /* AlertView.swift in Sources */,
				F12E6C772BA5F650003C4BC1 /* TimeTickLabel.swift in Sources */,
				F10C32A52B17601200CCF83B /* NetworkMonitor.swift in Sources */,
				F119C6672A7B59A200B183F5 /* EventView.swift in Sources */,
				F1DED9412B3B164D0023BF22 /* EventTimelineView.swift in Sources */,
				F1B5FE182A735D2200CBBCE6 /* Extensions.swift in Sources */,
				F1F9E49B2B11220C00DA4026 /* Enums.swift in Sources */,
				F13BC5222B7C7C87008C491E /* SolarEventManager.swift in Sources */,
				F1EDCEFE2BA00B3300BB77F9 /* CalendarSelectionView.swift in Sources */,
				F122A2C32ADA4AD1002E82AE /* BackgroundView.swift in Sources */,
				F1EDCEFA2B9FBDBC00BB77F9 /* EventIsNowView.swift in Sources */,
				F1EDCEEF2B9BC56100BB77F9 /* OneFingerZoom.swift in Sources */,
				F13BC5422B8D3738008C491E /* TimeManager.swift in Sources */,
				F19447A82B60CD7900BDC03B /* EventStore.swift in Sources */,
				F166ACBB2B2750F800AE27E3 /* MarqueeView.swift in Sources */,
				F13BC5262B81B973008C491E /* ScreenStops.swift in Sources */,
				F13BC5442B8D3A3A008C491E /* DayTracker.swift in Sources */,
				F19149272AD2649000A31D5A /* SolarDay.swift in Sources */,
				F122A2C92ADA4B20002E82AE /* TimeTickLabelView.swift in Sources */,
				F19447A62B60CBE400BDC03B /* AppleCalendar.swift in Sources */,
				F1D15B442A5FA758006F6A4E /* ContentView.swift in Sources */,
				F19447AC2B61BE6200BDC03B /* ButtonMaker.swift in Sources */,
				F12E6C752BA54F1C003C4BC1 /* LabelManager.swift in Sources */,
				F18D04FD2B0824F500E5C91E /* LayoutValueKeys.swift in Sources */,
				F1EDCF002BA00B4800BB77F9 /* PhotoSeletionView.swift in Sources */,
				F18D04FB2B08237F00E5C91E /* HorizontalLayoutNoOverlap.swift in Sources */,
				F1D15B422A5FA758006F6A4E /* TARDIS_CalendarApp.swift in Sources */,
				F18D051F2B0BC01C00E5C91E /* CalendarManager.swift in Sources */,
				F14A8A472B331A390049217C /* Dimensions.swift in Sources */,
				F14A8A432B32A9D90049217C /* HeaderView.swift in Sources */,
				F19447AE2B61C23000BDC03B /* BannerMaker.swift in Sources */,
				F1EDCEFC2B9FBDD500BB77F9 /* ExpandedEventView.swift in Sources */,
			);
			runOnlyForDeploymentPostprocessing = 0;
		};
/* End PBXSourcesBuildPhase section */

/* Begin PBXTargetDependency section */
		F126A8CD2BE5EA1E00C4528C /* PBXTargetDependency */ = {
			isa = PBXTargetDependency;
			target = F1D15B3D2A5FA758006F6A4E /* TARDIS Calendar */;
			targetProxy = F126A8CC2BE5EA1E00C4528C /* PBXContainerItemProxy */;
		};
/* End PBXTargetDependency section */

/* Begin XCBuildConfiguration section */
		F126A8CF2BE5EA1E00C4528C /* Debug */ = {
			isa = XCBuildConfiguration;
			buildSettings = {
				BUNDLE_LOADER = "$(TEST_HOST)";
				CODE_SIGN_STYLE = Automatic;
				CURRENT_PROJECT_VERSION = 1;
				DEVELOPMENT_TEAM = W692UH5R35;
				GENERATE_INFOPLIST_FILE = YES;
				MARKETING_VERSION = 1.0;
				PRODUCT_BUNDLE_IDENTIFIER = "com.montyharper.TARDIS-CalendarTests";
				PRODUCT_NAME = "$(TARGET_NAME)";
				SWIFT_EMIT_LOC_STRINGS = NO;
				SWIFT_VERSION = 5.0;
				TARGETED_DEVICE_FAMILY = "1,2";
				TEST_HOST = "$(BUILT_PRODUCTS_DIR)/TARDIS Calendar.app/$(BUNDLE_EXECUTABLE_FOLDER_PATH)/TARDIS Calendar";
			};
			name = Debug;
		};
		F126A8D02BE5EA1E00C4528C /* Release */ = {
			isa = XCBuildConfiguration;
			buildSettings = {
				BUNDLE_LOADER = "$(TEST_HOST)";
				CODE_SIGN_STYLE = Automatic;
				CURRENT_PROJECT_VERSION = 1;
				DEVELOPMENT_TEAM = W692UH5R35;
				GENERATE_INFOPLIST_FILE = YES;
				MARKETING_VERSION = 1.0;
				PRODUCT_BUNDLE_IDENTIFIER = "com.montyharper.TARDIS-CalendarTests";
				PRODUCT_NAME = "$(TARGET_NAME)";
				SWIFT_EMIT_LOC_STRINGS = NO;
				SWIFT_VERSION = 5.0;
				TARGETED_DEVICE_FAMILY = "1,2";
				TEST_HOST = "$(BUILT_PRODUCTS_DIR)/TARDIS Calendar.app/$(BUNDLE_EXECUTABLE_FOLDER_PATH)/TARDIS Calendar";
			};
			name = Release;
		};
		F1D15B4A2A5FA75B006F6A4E /* Debug */ = {
			isa = XCBuildConfiguration;
			buildSettings = {
				ALWAYS_SEARCH_USER_PATHS = NO;
				CLANG_ANALYZER_NONNULL = YES;
				CLANG_ANALYZER_NUMBER_OBJECT_CONVERSION = YES_AGGRESSIVE;
				CLANG_CXX_LANGUAGE_STANDARD = "gnu++20";
				CLANG_ENABLE_MODULES = YES;
				CLANG_ENABLE_OBJC_ARC = YES;
				CLANG_ENABLE_OBJC_WEAK = YES;
				CLANG_WARN_BLOCK_CAPTURE_AUTORELEASING = YES;
				CLANG_WARN_BOOL_CONVERSION = YES;
				CLANG_WARN_COMMA = YES;
				CLANG_WARN_CONSTANT_CONVERSION = YES;
				CLANG_WARN_DEPRECATED_OBJC_IMPLEMENTATIONS = YES;
				CLANG_WARN_DIRECT_OBJC_ISA_USAGE = YES_ERROR;
				CLANG_WARN_DOCUMENTATION_COMMENTS = YES;
				CLANG_WARN_EMPTY_BODY = YES;
				CLANG_WARN_ENUM_CONVERSION = YES;
				CLANG_WARN_INFINITE_RECURSION = YES;
				CLANG_WARN_INT_CONVERSION = YES;
				CLANG_WARN_NON_LITERAL_NULL_CONVERSION = YES;
				CLANG_WARN_OBJC_IMPLICIT_RETAIN_SELF = YES;
				CLANG_WARN_OBJC_LITERAL_CONVERSION = YES;
				CLANG_WARN_OBJC_ROOT_CLASS = YES_ERROR;
				CLANG_WARN_QUOTED_INCLUDE_IN_FRAMEWORK_HEADER = YES;
				CLANG_WARN_RANGE_LOOP_ANALYSIS = YES;
				CLANG_WARN_STRICT_PROTOTYPES = YES;
				CLANG_WARN_SUSPICIOUS_MOVE = YES;
				CLANG_WARN_UNGUARDED_AVAILABILITY = YES_AGGRESSIVE;
				CLANG_WARN_UNREACHABLE_CODE = YES;
				CLANG_WARN__DUPLICATE_METHOD_MATCH = YES;
				COPY_PHASE_STRIP = NO;
				DEBUG_INFORMATION_FORMAT = dwarf;
				ENABLE_STRICT_OBJC_MSGSEND = YES;
				ENABLE_TESTABILITY = YES;
				GCC_C_LANGUAGE_STANDARD = gnu11;
				GCC_DYNAMIC_NO_PIC = NO;
				GCC_NO_COMMON_BLOCKS = YES;
				GCC_OPTIMIZATION_LEVEL = 0;
				GCC_PREPROCESSOR_DEFINITIONS = (
					"DEBUG=1",
					"$(inherited)",
				);
				GCC_WARN_64_TO_32_BIT_CONVERSION = YES;
				GCC_WARN_ABOUT_RETURN_TYPE = YES_ERROR;
				GCC_WARN_UNDECLARED_SELECTOR = YES;
				GCC_WARN_UNINITIALIZED_AUTOS = YES_AGGRESSIVE;
				GCC_WARN_UNUSED_FUNCTION = YES;
				GCC_WARN_UNUSED_VARIABLE = YES;
				IPHONEOS_DEPLOYMENT_TARGET = 16.0;
				MTL_ENABLE_DEBUG_INFO = INCLUDE_SOURCE;
				MTL_FAST_MATH = YES;
				ONLY_ACTIVE_ARCH = YES;
				SDKROOT = iphoneos;
				SWIFT_ACTIVE_COMPILATION_CONDITIONS = DEBUG;
				SWIFT_OPTIMIZATION_LEVEL = "-Onone";
			};
			name = Debug;
		};
		F1D15B4B2A5FA75B006F6A4E /* Release */ = {
			isa = XCBuildConfiguration;
			buildSettings = {
				ALWAYS_SEARCH_USER_PATHS = NO;
				CLANG_ANALYZER_NONNULL = YES;
				CLANG_ANALYZER_NUMBER_OBJECT_CONVERSION = YES_AGGRESSIVE;
				CLANG_CXX_LANGUAGE_STANDARD = "gnu++20";
				CLANG_ENABLE_MODULES = YES;
				CLANG_ENABLE_OBJC_ARC = YES;
				CLANG_ENABLE_OBJC_WEAK = YES;
				CLANG_WARN_BLOCK_CAPTURE_AUTORELEASING = YES;
				CLANG_WARN_BOOL_CONVERSION = YES;
				CLANG_WARN_COMMA = YES;
				CLANG_WARN_CONSTANT_CONVERSION = YES;
				CLANG_WARN_DEPRECATED_OBJC_IMPLEMENTATIONS = YES;
				CLANG_WARN_DIRECT_OBJC_ISA_USAGE = YES_ERROR;
				CLANG_WARN_DOCUMENTATION_COMMENTS = YES;
				CLANG_WARN_EMPTY_BODY = YES;
				CLANG_WARN_ENUM_CONVERSION = YES;
				CLANG_WARN_INFINITE_RECURSION = YES;
				CLANG_WARN_INT_CONVERSION = YES;
				CLANG_WARN_NON_LITERAL_NULL_CONVERSION = YES;
				CLANG_WARN_OBJC_IMPLICIT_RETAIN_SELF = YES;
				CLANG_WARN_OBJC_LITERAL_CONVERSION = YES;
				CLANG_WARN_OBJC_ROOT_CLASS = YES_ERROR;
				CLANG_WARN_QUOTED_INCLUDE_IN_FRAMEWORK_HEADER = YES;
				CLANG_WARN_RANGE_LOOP_ANALYSIS = YES;
				CLANG_WARN_STRICT_PROTOTYPES = YES;
				CLANG_WARN_SUSPICIOUS_MOVE = YES;
				CLANG_WARN_UNGUARDED_AVAILABILITY = YES_AGGRESSIVE;
				CLANG_WARN_UNREACHABLE_CODE = YES;
				CLANG_WARN__DUPLICATE_METHOD_MATCH = YES;
				COPY_PHASE_STRIP = NO;
				DEBUG_INFORMATION_FORMAT = "dwarf-with-dsym";
				ENABLE_NS_ASSERTIONS = NO;
				ENABLE_STRICT_OBJC_MSGSEND = YES;
				GCC_C_LANGUAGE_STANDARD = gnu11;
				GCC_NO_COMMON_BLOCKS = YES;
				GCC_WARN_64_TO_32_BIT_CONVERSION = YES;
				GCC_WARN_ABOUT_RETURN_TYPE = YES_ERROR;
				GCC_WARN_UNDECLARED_SELECTOR = YES;
				GCC_WARN_UNINITIALIZED_AUTOS = YES_AGGRESSIVE;
				GCC_WARN_UNUSED_FUNCTION = YES;
				GCC_WARN_UNUSED_VARIABLE = YES;
				IPHONEOS_DEPLOYMENT_TARGET = 16.0;
				MTL_ENABLE_DEBUG_INFO = NO;
				MTL_FAST_MATH = YES;
				SDKROOT = iphoneos;
				SWIFT_COMPILATION_MODE = wholemodule;
				SWIFT_OPTIMIZATION_LEVEL = "-O";
				VALIDATE_PRODUCT = YES;
			};
			name = Release;
		};
		F1D15B4D2A5FA75B006F6A4E /* Debug */ = {
			isa = XCBuildConfiguration;
			buildSettings = {
				ASSETCATALOG_COMPILER_APPICON_NAME = AppIcon;
				ASSETCATALOG_COMPILER_GLOBAL_ACCENT_COLOR_NAME = AccentColor;
				CODE_SIGN_STYLE = Automatic;
				CURRENT_PROJECT_VERSION = 1;
				DEVELOPMENT_ASSET_PATHS = "\"TARDIS Calendar/Preview Content\"";
				DEVELOPMENT_TEAM = W692UH5R35;
				ENABLE_PREVIEWS = YES;
				GENERATE_INFOPLIST_FILE = YES;
				INFOPLIST_FILE = "TARDIS-Calendar-Info.plist";
				INFOPLIST_KEY_NSAppleMusicUsageDescription = "Please allow access to photos in order to change the Now icon.";
				INFOPLIST_KEY_NSCalendarsUsageDescription = "This app displays events from Apple's Calendar App.";
				INFOPLIST_KEY_NSLocationWhenInUseUsageDescription = "This app uses your approximate location to display acurate sunrise and sunset times.";
				INFOPLIST_KEY_NSPhotoLibraryUsageDescription = "Please allow access to photos in order to change the Now icon.";
				INFOPLIST_KEY_UIApplicationSceneManifest_Generation = YES;
				INFOPLIST_KEY_UIApplicationSupportsIndirectInputEvents = YES;
				INFOPLIST_KEY_UILaunchScreen_Generation = YES;
				INFOPLIST_KEY_UIRequiresFullScreen = YES;
				INFOPLIST_KEY_UISupportedInterfaceOrientations = "UIInterfaceOrientationLandscapeLeft UIInterfaceOrientationLandscapeRight";
				INFOPLIST_KEY_UISupportedInterfaceOrientations_iPad = "UIInterfaceOrientationLandscapeLeft UIInterfaceOrientationLandscapeRight UIInterfaceOrientationPortrait UIInterfaceOrientationPortraitUpsideDown";
				INFOPLIST_KEY_UIUserInterfaceStyle = Light;
				LD_RUNPATH_SEARCH_PATHS = (
					"$(inherited)",
					"@executable_path/Frameworks",
				);
				MARKETING_VERSION = 1.0;
				PRODUCT_BUNDLE_IDENTIFIER = "com.montyharper.TARDIS-Calendar";
				PRODUCT_NAME = "$(TARGET_NAME)";
				SWIFT_EMIT_LOC_STRINGS = YES;
				SWIFT_VERSION = 5.0;
				TARGETED_DEVICE_FAMILY = "1,2";
			};
			name = Debug;
		};
		F1D15B4E2A5FA75B006F6A4E /* Release */ = {
			isa = XCBuildConfiguration;
			buildSettings = {
				ASSETCATALOG_COMPILER_APPICON_NAME = AppIcon;
				ASSETCATALOG_COMPILER_GLOBAL_ACCENT_COLOR_NAME = AccentColor;
				CODE_SIGN_STYLE = Automatic;
				CURRENT_PROJECT_VERSION = 1;
				DEVELOPMENT_ASSET_PATHS = "\"TARDIS Calendar/Preview Content\"";
				DEVELOPMENT_TEAM = W692UH5R35;
				ENABLE_PREVIEWS = YES;
				GENERATE_INFOPLIST_FILE = YES;
				INFOPLIST_FILE = "TARDIS-Calendar-Info.plist";
				INFOPLIST_KEY_NSAppleMusicUsageDescription = "Please allow access to photos in order to change the Now icon.";
				INFOPLIST_KEY_NSCalendarsUsageDescription = "This app displays events from Apple's Calendar App.";
				INFOPLIST_KEY_NSLocationWhenInUseUsageDescription = "This app uses your approximate location to display acurate sunrise and sunset times.";
				INFOPLIST_KEY_NSPhotoLibraryUsageDescription = "Please allow access to photos in order to change the Now icon.";
				INFOPLIST_KEY_UIApplicationSceneManifest_Generation = YES;
				INFOPLIST_KEY_UIApplicationSupportsIndirectInputEvents = YES;
				INFOPLIST_KEY_UILaunchScreen_Generation = YES;
				INFOPLIST_KEY_UIRequiresFullScreen = YES;
				INFOPLIST_KEY_UISupportedInterfaceOrientations = "UIInterfaceOrientationLandscapeLeft UIInterfaceOrientationLandscapeRight";
				INFOPLIST_KEY_UISupportedInterfaceOrientations_iPad = "UIInterfaceOrientationLandscapeLeft UIInterfaceOrientationLandscapeRight UIInterfaceOrientationPortrait UIInterfaceOrientationPortraitUpsideDown";
				INFOPLIST_KEY_UIUserInterfaceStyle = Light;
				LD_RUNPATH_SEARCH_PATHS = (
					"$(inherited)",
					"@executable_path/Frameworks",
				);
				MARKETING_VERSION = 1.0;
				PRODUCT_BUNDLE_IDENTIFIER = "com.montyharper.TARDIS-Calendar";
				PRODUCT_NAME = "$(TARGET_NAME)";
				SWIFT_EMIT_LOC_STRINGS = YES;
				SWIFT_VERSION = 5.0;
				TARGETED_DEVICE_FAMILY = "1,2";
			};
			name = Release;
		};
/* End XCBuildConfiguration section */

/* Begin XCConfigurationList section */
		F126A8CE2BE5EA1E00C4528C /* Build configuration list for PBXNativeTarget "TARDIS CalendarTests" */ = {
			isa = XCConfigurationList;
			buildConfigurations = (
				F126A8CF2BE5EA1E00C4528C /* Debug */,
				F126A8D02BE5EA1E00C4528C /* Release */,
			);
			defaultConfigurationIsVisible = 0;
			defaultConfigurationName = Release;
		};
		F1D15B392A5FA758006F6A4E /* Build configuration list for PBXProject "TARDIS Calendar" */ = {
			isa = XCConfigurationList;
			buildConfigurations = (
				F1D15B4A2A5FA75B006F6A4E /* Debug */,
				F1D15B4B2A5FA75B006F6A4E /* Release */,
			);
			defaultConfigurationIsVisible = 0;
			defaultConfigurationName = Release;
		};
		F1D15B4C2A5FA75B006F6A4E /* Build configuration list for PBXNativeTarget "TARDIS Calendar" */ = {
			isa = XCConfigurationList;
			buildConfigurations = (
				F1D15B4D2A5FA75B006F6A4E /* Debug */,
				F1D15B4E2A5FA75B006F6A4E /* Release */,
			);
			defaultConfigurationIsVisible = 0;
			defaultConfigurationName = Release;
		};
/* End XCConfigurationList section */
	};
	rootObject = F1D15B362A5FA758006F6A4E /* Project object */;
}
